
Microsoft Visual Studio Solution File, Format Version 12.00
# Visual Studio 15
VisualStudioVersion = 15.0.26430.16
MinimumVisualStudioVersion = 10.0.40219.1
Project("{9A19103F-16F7-4668-BE54-9A1E7A4F7556}") = "PeoplePetUtility", "PeoplePetUtility\PeoplePetUtility.csproj", "{5771518F-4184-4FAC-8F9A-3ECA962215C0}"
EndProject
Project("{9A19103F-16F7-4668-BE54-9A1E7A4F7556}") = "PeoplePetWebApp", "PeoplePetWebApp\PeoplePetWebApp.csproj", "{AB36AF22-6FBD-40A9-9359-7F6A02A8BDC4}"
EndProject
Project("{9A19103F-16F7-4668-BE54-9A1E7A4F7556}") = "PeoplePetUtility.Tests", "PeoplePetUtility.Tests\PeoplePetUtility.Tests.csproj", "{B2F6F46C-082C-4458-86AA-6AE5A764A6B7}"
EndProject
Global
	GlobalSection(SolutionConfigurationPlatforms) = preSolution
		Debug|Any CPU = Debug|Any CPU
		Release|Any CPU = Release|Any CPU
	EndGlobalSection
	GlobalSection(ProjectConfigurationPlatforms) = postSolution
		{5771518F-4184-4FAC-8F9A-3ECA962215C0}.Debug|Any CPU.ActiveCfg = Debug|Any CPU
		{5771518F-4184-4FAC-8F9A-3ECA962215C0}.Debug|Any CPU.Build.0 = Debug|Any CPU
		{5771518F-4184-4FAC-8F9A-3ECA962215C0}.Release|Any CPU.ActiveCfg = Release|Any CPU
		{5771518F-4184-4FAC-8F9A-3ECA962215C0}.Release|Any CPU.Build.0 = Release|Any CPU
		{AB36AF22-6FBD-40A9-9359-7F6A02A8BDC4}.Debug|Any CPU.ActiveCfg = Debug|Any CPU
		{AB36AF22-6FBD-40A9-9359-7F6A02A8BDC4}.Debug|Any CPU.Build.0 = Debug|Any CPU
		{AB36AF22-6FBD-40A9-9359-7F6A02A8BDC4}.Release|Any CPU.ActiveCfg = Release|Any CPU
		{AB36AF22-6FBD-40A9-9359-7F6A02A8BDC4}.Release|Any CPU.Build.0 = Release|Any CPU
		{B2F6F46C-082C-4458-86AA-6AE5A764A6B7}.Debug|Any CPU.ActiveCfg = Debug|Any CPU
		{B2F6F46C-082C-4458-86AA-6AE5A764A6B7}.Debug|Any CPU.Build.0 = Debug|Any CPU
		{B2F6F46C-082C-4458-86AA-6AE5A764A6B7}.Release|Any CPU.ActiveCfg = Release|Any CPU
		{B2F6F46C-082C-4458-86AA-6AE5A764A6B7}.Release|Any CPU.Build.0 = Release|Any CPU
	EndGlobalSection
	GlobalSection(SolutionProperties) = preSolution
		HideSolutionNode = FALSE
	EndGlobalSection
EndGlobal
